
Microsoft Visual Studio Solution File, Format Version 12.00
# Visual Studio 15
VisualStudioVersion = 15.0.26124.0
MinimumVisualStudioVersion = 15.0.26124.0
Project("{9A19103F-16F7-4668-BE54-9A1E7A4F7556}") = "R5T.Frisia.Standard.Construction", "R5T.Frisia.Standard.Construction\R5T.Frisia.Standard.Construction.csproj", "{BD0815A4-7681-4054-B6BF-20C755CD6E15}"
EndProject
Project("{9A19103F-16F7-4668-BE54-9A1E7A4F7556}") = "R5T.Frisia.Standard", "R5T.Frisia.Standard\R5T.Frisia.Standard.csproj", "{121CFAA1-803C-4795-9CCE-551D58CC00EE}"
EndProject
Project("{9A19103F-16F7-4668-BE54-9A1E7A4F7556}") = "R5T.Frisia.Standard.Testing", "R5T.Frisia.Standard.Testing\R5T.Frisia.Standard.Testing.csproj", "{BC2E3993-25CE-41C0-BB34-403A5FEEA61B}"
EndProject
Project("{2150E333-8FDC-42A3-9474-1A3956D46DE8}") = "_Dependencies", "_Dependencies", "{D0424048-9A30-4DB7-AF3F-72D4D7A87C80}"
EndProject
Project("{9A19103F-16F7-4668-BE54-9A1E7A4F7556}") = "R5T.Frisia.Suebia", "..\..\R5T.Frisia.Suebia\source\R5T.Frisia.Suebia\R5T.Frisia.Suebia.csproj", "{DA9DAFA6-2A08-487A-B0C4-A89DBBDB00A8}"
EndProject
Project("{9A19103F-16F7-4668-BE54-9A1E7A4F7556}") = "R5T.Dacia.Extensions", "..\..\R5T.Dacia.Extensions\source\R5T.Dacia.Extensions\R5T.Dacia.Extensions.csproj", "{2FC5AFB9-8533-423E-9C81-1F55F5600E49}"
EndProject
Project("{9A19103F-16F7-4668-BE54-9A1E7A4F7556}") = "R5T.Dacia", "..\..\R5T.Dacia\source\R5T.Dacia\R5T.Dacia.csproj", "{9BE4139E-4D72-49FF-93A9-B1912BA8B2EA}"
EndProject
Project("{9A19103F-16F7-4668-BE54-9A1E7A4F7556}") = "R5T.Frisia.Base", "..\..\R5T.Frisia.Base\source\R5T.Frisia.Base\R5T.Frisia.Base.csproj", "{AAFF9FD0-ACEB-47CF-88D8-2B2573EE4A61}"
EndProject
Project("{9A19103F-16F7-4668-BE54-9A1E7A4F7556}") = "R5T.Jutland.Base", "..\..\R5T.Jutland.Base\source\R5T.Jutland.Base\R5T.Jutland.Base.csproj", "{F241E7FC-A833-4174-83D1-945E0D74F42B}"
EndProject
Project("{9A19103F-16F7-4668-BE54-9A1E7A4F7556}") = "R5T.Suebia.Base", "..\..\R5T.Suebia.Base\source\R5T.Suebia.Base\R5T.Suebia.Base.csproj", "{9C646F96-D46E-4DAB-AFF9-FEB841BFAA69}"
EndProject
Project("{9A19103F-16F7-4668-BE54-9A1E7A4F7556}") = "R5T.Suebia.Standard", "..\..\R5T.Suebia.Standard\source\R5T.Suebia.Standard\R5T.Suebia.Standard.csproj", "{DC79D9DB-297E-4879-BDFC-C97905F4DDE6}"
EndProject
Project("{9A19103F-16F7-4668-BE54-9A1E7A4F7556}") = "R5T.Alamania.Standard", "..\..\R5T.Alamania.Standard\source\R5T.Alamania.Standard\R5T.Alamania.Standard.csproj", "{13FCB009-04F6-481F-AFD6-EA18D40898CE}"
EndProject
Project("{9A19103F-16F7-4668-BE54-9A1E7A4F7556}") = "R5T.Alamania.Bulgaria", "..\..\R5T.Alamania.Bulgaria\source\R5T.Alamania.Bulgaria\R5T.Alamania.Bulgaria.csproj", "{D8213C1B-5A04-4E88-82D6-E068432B0739}"
EndProject
Project("{9A19103F-16F7-4668-BE54-9A1E7A4F7556}") = "R5T.Alamania.Base", "..\..\R5T.Alamania.Base\source\R5T.Alamania.Base\R5T.Alamania.Base.csproj", "{1A82309E-0945-4E5B-A386-DD7732A17DC1}"
EndProject
Project("{9A19103F-16F7-4668-BE54-9A1E7A4F7556}") = "R5T.Bulgaria.Base", "..\..\R5T.Bulgaria.Base\source\R5T.Bulgaria.Base\R5T.Bulgaria.Base.csproj", "{AACE2E99-C6DA-4962-A4A2-534A100EADA1}"
EndProject
Project("{9A19103F-16F7-4668-BE54-9A1E7A4F7556}") = "R5T.Costobocia.Base", "..\..\R5T.Costobocia.Base\source\R5T.Costobocia.Base\R5T.Costobocia.Base.csproj", "{33AE0ACA-93FB-4A66-9B85-468B857FDDE9}"
EndProject
Project("{9A19103F-16F7-4668-BE54-9A1E7A4F7556}") = "R5T.Ostrogothia", "..\..\R5T.Ostrogothia\source\R5T.Ostrogothia\R5T.Ostrogothia.csproj", "{03B7EBEA-C168-49C0-A021-3AB20EF22014}"
EndProject
Project("{9A19103F-16F7-4668-BE54-9A1E7A4F7556}") = "R5T.Ostrogothia.Rivet", "..\..\R5T.Ostrogothia.Rivet\source\R5T.Ostrogothia.Rivet\R5T.Ostrogothia.Rivet.csproj", "{22EA8077-0FA3-4DBD-85DB-D49E9045D21C}"
EndProject
Project("{9A19103F-16F7-4668-BE54-9A1E7A4F7556}") = "R5T.Bulgaria.UserProfileDirectory", "..\..\R5T.Bulgaria.UserProfileDirectory\source\R5T.Bulgaria.UserProfileDirectory\R5T.Bulgaria.UserProfileDirectory.csproj", "{1DD3D02A-9382-4D2E-A011-84850CB89002}"
EndProject
Project("{9A19103F-16F7-4668-BE54-9A1E7A4F7556}") = "R5T.Bulgaria.Visigothia", "..\..\R5T.Bulgaria.Visigothia\source\R5T.Bulgaria.Visigothia\R5T.Bulgaria.Visigothia.csproj", "{DAD6513B-05CB-4D09-AAB5-20AEB4509F66}"
EndProject
Project("{9A19103F-16F7-4668-BE54-9A1E7A4F7556}") = "R5T.Lombardy.Base", "..\..\R5T.Lombardy.Base\source\R5T.Lombardy.Base\R5T.Lombardy.Base.csproj", "{5DBC6DDD-2126-4E3D-B57E-FF3D0DB44411}"
EndProject
Project("{9A19103F-16F7-4668-BE54-9A1E7A4F7556}") = "R5T.Peristeria.Base", "..\..\R5T.Peristeria.Base\source\R5T.Peristeria.Base\R5T.Peristeria.Base.csproj", "{768ACFCD-270C-4F0E-9962-82595BBF6312}"
EndProject
Project("{9A19103F-16F7-4668-BE54-9A1E7A4F7556}") = "R5T.Visigothia.Base", "..\..\R5T.Visigothia.Base\source\R5T.Visigothia.Base\R5T.Visigothia.Base.csproj", "{977BCF9A-2B17-40FB-9FC8-B9373EA07EAE}"
EndProject
Project("{9A19103F-16F7-4668-BE54-9A1E7A4F7556}") = "R5T.Lombardy.Standard", "..\..\R5T.Lombardy.Standard\source\R5T.Lombardy.Standard\R5T.Lombardy.Standard.csproj", "{946D052F-1A56-45C3-BEA0-562A058D180E}"
EndProject
Project("{9A19103F-16F7-4668-BE54-9A1E7A4F7556}") = "R5T.Lombardy", "..\..\R5T.Lombardy\source\R5T.Lombardy\R5T.Lombardy.csproj", "{A0AE90E6-68EB-4204-9088-8D2C364430C0}"
EndProject
Project("{9A19103F-16F7-4668-BE54-9A1E7A4F7556}") = "R5T.Cherusci", "..\..\R5T.Cherusci\source\R5T.Cherusci\R5T.Cherusci.csproj", "{942D608E-8662-4180-B722-D19164BD7A98}"
EndProject
Project("{9A19103F-16F7-4668-BE54-9A1E7A4F7556}") = "R5T.Magyar", "..\..\R5T.Magyar\source\R5T.Magyar\R5T.Magyar.csproj", "{AA50E82F-4740-49CD-8F55-1C42FBE812B5}"
EndProject
Project("{9A19103F-16F7-4668-BE54-9A1E7A4F7556}") = "R5T.Rugia", "..\..\R5T.Rugia\source\R5T.Rugia\R5T.Rugia.csproj", "{EED6A9FA-3605-49D2-AD30-43DCD4DA0D68}"
EndProject
Project("{9A19103F-16F7-4668-BE54-9A1E7A4F7556}") = "R5T.Rugia.Base", "..\..\R5T.Rugia.Base\source\R5T.Rugia.Base\R5T.Rugia.Base.csproj", "{EDF7912D-60EF-4056-A0AF-AF4430A7FBA9}"
EndProject
Project("{9A19103F-16F7-4668-BE54-9A1E7A4F7556}") = "R5T.Peristeria.Standard", "..\..\R5T.Peristeria.Standard\source\R5T.Peristeria.Standard\R5T.Peristeria.Standard.csproj", "{205F98A9-96E0-40C9-80C6-6236AC32D4CD}"
EndProject
Project("{9A19103F-16F7-4668-BE54-9A1E7A4F7556}") = "R5T.Peristeria.Default", "..\..\R5T.Peristeria.Default\source\R5T.Peristeria.Default\R5T.Peristeria.Default.csproj", "{8E6D8E62-134B-4A55-AE53-E44879F3E66C}"
EndProject
Project("{9A19103F-16F7-4668-BE54-9A1E7A4F7556}") = "R5T.Visigothia.Standard", "..\..\R5T.Visigothia.Standard\source\R5T.Visigothia.Standard\R5T.Visigothia.Standard.csproj", "{B772A796-85E7-4E26-90EA-207760A24FE2}"
EndProject
Project("{9A19103F-16F7-4668-BE54-9A1E7A4F7556}") = "R5T.Visigothia.Local.Standard", "..\..\R5T.Visigothia.Local.Standard\source\R5T.Visigothia.Local.Standard\R5T.Visigothia.Local.Standard.csproj", "{05AA49B7-3114-4FCA-9AE5-80AAB58147C9}"
EndProject
Project("{9A19103F-16F7-4668-BE54-9A1E7A4F7556}") = "R5T.Visigothia.Local.Default", "..\..\R5T.Visigothia.Local.Default\source\R5T.Visigothia.Local.Default\R5T.Visigothia.Local.Default.csproj", "{66477E05-F642-4513-9A91-6C4CF49AA662}"
EndProject
Project("{9A19103F-16F7-4668-BE54-9A1E7A4F7556}") = "R5T.Costobocia.Standard", "..\..\R5T.Costobocia.Standard\source\R5T.Costobocia.Standard\R5T.Costobocia.Standard.csproj", "{BB568577-C750-4DD1-BCA4-4F0524AE06FB}"
EndProject
Project("{9A19103F-16F7-4668-BE54-9A1E7A4F7556}") = "R5T.Costobocia.Default", "..\..\R5T.Costobocia.Default\source\R5T.Costobocia.Default\R5T.Costobocia.Default.csproj", "{6783638F-FBBB-455D-8572-583793FA4A24}"
EndProject
Project("{9A19103F-16F7-4668-BE54-9A1E7A4F7556}") = "R5T.Suebia.Alamania", "..\..\R5T.Suebia.Alamania\source\R5T.Suebia.Alamania\R5T.Suebia.Alamania.csproj", "{05727AFE-B479-472D-8390-2C4388E47393}"
EndProject
Project("{9A19103F-16F7-4668-BE54-9A1E7A4F7556}") = "R5T.Jutland.Standard", "..\..\R5T.Jutland.Standard\source\R5T.Jutland.Standard\R5T.Jutland.Standard.csproj", "{8C32B18B-7843-4E35-B6B1-CA8B8C029DC9}"
EndProject
Project("{9A19103F-16F7-4668-BE54-9A1E7A4F7556}") = "R5T.Suebia.Default", "..\..\R5T.Suebia.Default\source\R5T.Suebia.Default\R5T.Suebia.Default.csproj", "{3D21E3BC-EFD7-4688-8BF9-CC709791FAD2}"
EndProject
Project("{9A19103F-16F7-4668-BE54-9A1E7A4F7556}") = "R5T.Jutland.Newtonsoft", "..\..\R5T.Jutland.Newtonsoft\source\R5T.Jutland.Newtonsoft\R5T.Jutland.Newtonsoft.csproj", "{ED220E23-B8B3-4663-A641-240ABDA10167}"
EndProject
Project("{9A19103F-16F7-4668-BE54-9A1E7A4F7556}") = "R5T.Newport", "..\..\R5T.Newport\source\R5T.Newport\R5T.Newport.csproj", "{84033AC3-47A5-4F42-A8BF-3075B46F03F9}"
EndProject
Global
	GlobalSection(SolutionConfigurationPlatforms) = preSolution
		Debug|Any CPU = Debug|Any CPU
		Debug|x64 = Debug|x64
		Debug|x86 = Debug|x86
		Release|Any CPU = Release|Any CPU
		Release|x64 = Release|x64
		Release|x86 = Release|x86
	EndGlobalSection
	GlobalSection(ProjectConfigurationPlatforms) = postSolution
		{BD0815A4-7681-4054-B6BF-20C755CD6E15}.Debug|Any CPU.ActiveCfg = Debug|Any CPU
		{BD0815A4-7681-4054-B6BF-20C755CD6E15}.Debug|Any CPU.Build.0 = Debug|Any CPU
		{BD0815A4-7681-4054-B6BF-20C755CD6E15}.Debug|x64.ActiveCfg = Debug|Any CPU
		{BD0815A4-7681-4054-B6BF-20C755CD6E15}.Debug|x64.Build.0 = Debug|Any CPU
		{BD0815A4-7681-4054-B6BF-20C755CD6E15}.Debug|x86.ActiveCfg = Debug|Any CPU
		{BD0815A4-7681-4054-B6BF-20C755CD6E15}.Debug|x86.Build.0 = Debug|Any CPU
		{BD0815A4-7681-4054-B6BF-20C755CD6E15}.Release|Any CPU.ActiveCfg = Release|Any CPU
		{BD0815A4-7681-4054-B6BF-20C755CD6E15}.Release|Any CPU.Build.0 = Release|Any CPU
		{BD0815A4-7681-4054-B6BF-20C755CD6E15}.Release|x64.ActiveCfg = Release|Any CPU
		{BD0815A4-7681-4054-B6BF-20C755CD6E15}.Release|x64.Build.0 = Release|Any CPU
		{BD0815A4-7681-4054-B6BF-20C755CD6E15}.Release|x86.ActiveCfg = Release|Any CPU
		{BD0815A4-7681-4054-B6BF-20C755CD6E15}.Release|x86.Build.0 = Release|Any CPU
		{121CFAA1-803C-4795-9CCE-551D58CC00EE}.Debug|Any CPU.ActiveCfg = Debug|Any CPU
		{121CFAA1-803C-4795-9CCE-551D58CC00EE}.Debug|Any CPU.Build.0 = Debug|Any CPU
		{121CFAA1-803C-4795-9CCE-551D58CC00EE}.Debug|x64.ActiveCfg = Debug|Any CPU
		{121CFAA1-803C-4795-9CCE-551D58CC00EE}.Debug|x64.Build.0 = Debug|Any CPU
		{121CFAA1-803C-4795-9CCE-551D58CC00EE}.Debug|x86.ActiveCfg = Debug|Any CPU
		{121CFAA1-803C-4795-9CCE-551D58CC00EE}.Debug|x86.Build.0 = Debug|Any CPU
		{121CFAA1-803C-4795-9CCE-551D58CC00EE}.Release|Any CPU.ActiveCfg = Release|Any CPU
		{121CFAA1-803C-4795-9CCE-551D58CC00EE}.Release|Any CPU.Build.0 = Release|Any CPU
		{121CFAA1-803C-4795-9CCE-551D58CC00EE}.Release|x64.ActiveCfg = Release|Any CPU
		{121CFAA1-803C-4795-9CCE-551D58CC00EE}.Release|x64.Build.0 = Release|Any CPU
		{121CFAA1-803C-4795-9CCE-551D58CC00EE}.Release|x86.ActiveCfg = Release|Any CPU
		{121CFAA1-803C-4795-9CCE-551D58CC00EE}.Release|x86.Build.0 = Release|Any CPU
		{BC2E3993-25CE-41C0-BB34-403A5FEEA61B}.Debug|Any CPU.ActiveCfg = Debug|Any CPU
		{BC2E3993-25CE-41C0-BB34-403A5FEEA61B}.Debug|Any CPU.Build.0 = Debug|Any CPU
		{BC2E3993-25CE-41C0-BB34-403A5FEEA61B}.Debug|x64.ActiveCfg = Debug|Any CPU
		{BC2E3993-25CE-41C0-BB34-403A5FEEA61B}.Debug|x64.Build.0 = Debug|Any CPU
		{BC2E3993-25CE-41C0-BB34-403A5FEEA61B}.Debug|x86.ActiveCfg = Debug|Any CPU
		{BC2E3993-25CE-41C0-BB34-403A5FEEA61B}.Debug|x86.Build.0 = Debug|Any CPU
		{BC2E3993-25CE-41C0-BB34-403A5FEEA61B}.Release|Any CPU.ActiveCfg = Release|Any CPU
		{BC2E3993-25CE-41C0-BB34-403A5FEEA61B}.Release|Any CPU.Build.0 = Release|Any CPU
		{BC2E3993-25CE-41C0-BB34-403A5FEEA61B}.Release|x64.ActiveCfg = Release|Any CPU
		{BC2E3993-25CE-41C0-BB34-403A5FEEA61B}.Release|x64.Build.0 = Release|Any CPU
		{BC2E3993-25CE-41C0-BB34-403A5FEEA61B}.Release|x86.ActiveCfg = Release|Any CPU
		{BC2E3993-25CE-41C0-BB34-403A5FEEA61B}.Release|x86.Build.0 = Release|Any CPU
		{DA9DAFA6-2A08-487A-B0C4-A89DBBDB00A8}.Debug|Any CPU.ActiveCfg = Debug|Any CPU
		{DA9DAFA6-2A08-487A-B0C4-A89DBBDB00A8}.Debug|Any CPU.Build.0 = Debug|Any CPU
		{DA9DAFA6-2A08-487A-B0C4-A89DBBDB00A8}.Debug|x64.ActiveCfg = Debug|Any CPU
		{DA9DAFA6-2A08-487A-B0C4-A89DBBDB00A8}.Debug|x64.Build.0 = Debug|Any CPU
		{DA9DAFA6-2A08-487A-B0C4-A89DBBDB00A8}.Debug|x86.ActiveCfg = Debug|Any CPU
		{DA9DAFA6-2A08-487A-B0C4-A89DBBDB00A8}.Debug|x86.Build.0 = Debug|Any CPU
		{DA9DAFA6-2A08-487A-B0C4-A89DBBDB00A8}.Release|Any CPU.ActiveCfg = Release|Any CPU
		{DA9DAFA6-2A08-487A-B0C4-A89DBBDB00A8}.Release|Any CPU.Build.0 = Release|Any CPU
		{DA9DAFA6-2A08-487A-B0C4-A89DBBDB00A8}.Release|x64.ActiveCfg = Release|Any CPU
		{DA9DAFA6-2A08-487A-B0C4-A89DBBDB00A8}.Release|x64.Build.0 = Release|Any CPU
		{DA9DAFA6-2A08-487A-B0C4-A89DBBDB00A8}.Release|x86.ActiveCfg = Release|Any CPU
		{DA9DAFA6-2A08-487A-B0C4-A89DBBDB00A8}.Release|x86.Build.0 = Release|Any CPU
		{2FC5AFB9-8533-423E-9C81-1F55F5600E49}.Debug|Any CPU.ActiveCfg = Debug|Any CPU
		{2FC5AFB9-8533-423E-9C81-1F55F5600E49}.Debug|Any CPU.Build.0 = Debug|Any CPU
		{2FC5AFB9-8533-423E-9C81-1F55F5600E49}.Debug|x64.ActiveCfg = Debug|Any CPU
		{2FC5AFB9-8533-423E-9C81-1F55F5600E49}.Debug|x64.Build.0 = Debug|Any CPU
		{2FC5AFB9-8533-423E-9C81-1F55F5600E49}.Debug|x86.ActiveCfg = Debug|Any CPU
		{2FC5AFB9-8533-423E-9C81-1F55F5600E49}.Debug|x86.Build.0 = Debug|Any CPU
		{2FC5AFB9-8533-423E-9C81-1F55F5600E49}.Release|Any CPU.ActiveCfg = Release|Any CPU
		{2FC5AFB9-8533-423E-9C81-1F55F5600E49}.Release|Any CPU.Build.0 = Release|Any CPU
		{2FC5AFB9-8533-423E-9C81-1F55F5600E49}.Release|x64.ActiveCfg = Release|Any CPU
		{2FC5AFB9-8533-423E-9C81-1F55F5600E49}.Release|x64.Build.0 = Release|Any CPU
		{2FC5AFB9-8533-423E-9C81-1F55F5600E49}.Release|x86.ActiveCfg = Release|Any CPU
		{2FC5AFB9-8533-423E-9C81-1F55F5600E49}.Release|x86.Build.0 = Release|Any CPU
		{9BE4139E-4D72-49FF-93A9-B1912BA8B2EA}.Debug|Any CPU.ActiveCfg = Debug|Any CPU
		{9BE4139E-4D72-49FF-93A9-B1912BA8B2EA}.Debug|Any CPU.Build.0 = Debug|Any CPU
		{9BE4139E-4D72-49FF-93A9-B1912BA8B2EA}.Debug|x64.ActiveCfg = Debug|Any CPU
		{9BE4139E-4D72-49FF-93A9-B1912BA8B2EA}.Debug|x64.Build.0 = Debug|Any CPU
		{9BE4139E-4D72-49FF-93A9-B1912BA8B2EA}.Debug|x86.ActiveCfg = Debug|Any CPU
		{9BE4139E-4D72-49FF-93A9-B1912BA8B2EA}.Debug|x86.Build.0 = Debug|Any CPU
		{9BE4139E-4D72-49FF-93A9-B1912BA8B2EA}.Release|Any CPU.ActiveCfg = Release|Any CPU
		{9BE4139E-4D72-49FF-93A9-B1912BA8B2EA}.Release|Any CPU.Build.0 = Release|Any CPU
		{9BE4139E-4D72-49FF-93A9-B1912BA8B2EA}.Release|x64.ActiveCfg = Release|Any CPU
		{9BE4139E-4D72-49FF-93A9-B1912BA8B2EA}.Release|x64.Build.0 = Release|Any CPU
		{9BE4139E-4D72-49FF-93A9-B1912BA8B2EA}.Release|x86.ActiveCfg = Release|Any CPU
		{9BE4139E-4D72-49FF-93A9-B1912BA8B2EA}.Release|x86.Build.0 = Release|Any CPU
		{AAFF9FD0-ACEB-47CF-88D8-2B2573EE4A61}.Debug|Any CPU.ActiveCfg = Debug|Any CPU
		{AAFF9FD0-ACEB-47CF-88D8-2B2573EE4A61}.Debug|Any CPU.Build.0 = Debug|Any CPU
		{AAFF9FD0-ACEB-47CF-88D8-2B2573EE4A61}.Debug|x64.ActiveCfg = Debug|Any CPU
		{AAFF9FD0-ACEB-47CF-88D8-2B2573EE4A61}.Debug|x64.Build.0 = Debug|Any CPU
		{AAFF9FD0-ACEB-47CF-88D8-2B2573EE4A61}.Debug|x86.ActiveCfg = Debug|Any CPU
		{AAFF9FD0-ACEB-47CF-88D8-2B2573EE4A61}.Debug|x86.Build.0 = Debug|Any CPU
		{AAFF9FD0-ACEB-47CF-88D8-2B2573EE4A61}.Release|Any CPU.ActiveCfg = Release|Any CPU
		{AAFF9FD0-ACEB-47CF-88D8-2B2573EE4A61}.Release|Any CPU.Build.0 = Release|Any CPU
		{AAFF9FD0-ACEB-47CF-88D8-2B2573EE4A61}.Release|x64.ActiveCfg = Release|Any CPU
		{AAFF9FD0-ACEB-47CF-88D8-2B2573EE4A61}.Release|x64.Build.0 = Release|Any CPU
		{AAFF9FD0-ACEB-47CF-88D8-2B2573EE4A61}.Release|x86.ActiveCfg = Release|Any CPU
		{AAFF9FD0-ACEB-47CF-88D8-2B2573EE4A61}.Release|x86.Build.0 = Release|Any CPU
		{F241E7FC-A833-4174-83D1-945E0D74F42B}.Debug|Any CPU.ActiveCfg = Debug|Any CPU
		{F241E7FC-A833-4174-83D1-945E0D74F42B}.Debug|Any CPU.Build.0 = Debug|Any CPU
		{F241E7FC-A833-4174-83D1-945E0D74F42B}.Debug|x64.ActiveCfg = Debug|Any CPU
		{F241E7FC-A833-4174-83D1-945E0D74F42B}.Debug|x64.Build.0 = Debug|Any CPU
		{F241E7FC-A833-4174-83D1-945E0D74F42B}.Debug|x86.ActiveCfg = Debug|Any CPU
		{F241E7FC-A833-4174-83D1-945E0D74F42B}.Debug|x86.Build.0 = Debug|Any CPU
		{F241E7FC-A833-4174-83D1-945E0D74F42B}.Release|Any CPU.ActiveCfg = Release|Any CPU
		{F241E7FC-A833-4174-83D1-945E0D74F42B}.Release|Any CPU.Build.0 = Release|Any CPU
		{F241E7FC-A833-4174-83D1-945E0D74F42B}.Release|x64.ActiveCfg = Release|Any CPU
		{F241E7FC-A833-4174-83D1-945E0D74F42B}.Release|x64.Build.0 = Release|Any CPU
		{F241E7FC-A833-4174-83D1-945E0D74F42B}.Release|x86.ActiveCfg = Release|Any CPU
		{F241E7FC-A833-4174-83D1-945E0D74F42B}.Release|x86.Build.0 = Release|Any CPU
		{9C646F96-D46E-4DAB-AFF9-FEB841BFAA69}.Debug|Any CPU.ActiveCfg = Debug|Any CPU
		{9C646F96-D46E-4DAB-AFF9-FEB841BFAA69}.Debug|Any CPU.Build.0 = Debug|Any CPU
		{9C646F96-D46E-4DAB-AFF9-FEB841BFAA69}.Debug|x64.ActiveCfg = Debug|Any CPU
		{9C646F96-D46E-4DAB-AFF9-FEB841BFAA69}.Debug|x64.Build.0 = Debug|Any CPU
		{9C646F96-D46E-4DAB-AFF9-FEB841BFAA69}.Debug|x86.ActiveCfg = Debug|Any CPU
		{9C646F96-D46E-4DAB-AFF9-FEB841BFAA69}.Debug|x86.Build.0 = Debug|Any CPU
		{9C646F96-D46E-4DAB-AFF9-FEB841BFAA69}.Release|Any CPU.ActiveCfg = Release|Any CPU
		{9C646F96-D46E-4DAB-AFF9-FEB841BFAA69}.Release|Any CPU.Build.0 = Release|Any CPU
		{9C646F96-D46E-4DAB-AFF9-FEB841BFAA69}.Release|x64.ActiveCfg = Release|Any CPU
		{9C646F96-D46E-4DAB-AFF9-FEB841BFAA69}.Release|x64.Build.0 = Release|Any CPU
		{9C646F96-D46E-4DAB-AFF9-FEB841BFAA69}.Release|x86.ActiveCfg = Release|Any CPU
		{9C646F96-D46E-4DAB-AFF9-FEB841BFAA69}.Release|x86.Build.0 = Release|Any CPU
		{DC79D9DB-297E-4879-BDFC-C97905F4DDE6}.Debug|Any CPU.ActiveCfg = Debug|Any CPU
		{DC79D9DB-297E-4879-BDFC-C97905F4DDE6}.Debug|Any CPU.Build.0 = Debug|Any CPU
		{DC79D9DB-297E-4879-BDFC-C97905F4DDE6}.Debug|x64.ActiveCfg = Debug|Any CPU
		{DC79D9DB-297E-4879-BDFC-C97905F4DDE6}.Debug|x64.Build.0 = Debug|Any CPU
		{DC79D9DB-297E-4879-BDFC-C97905F4DDE6}.Debug|x86.ActiveCfg = Debug|Any CPU
		{DC79D9DB-297E-4879-BDFC-C97905F4DDE6}.Debug|x86.Build.0 = Debug|Any CPU
		{DC79D9DB-297E-4879-BDFC-C97905F4DDE6}.Release|Any CPU.ActiveCfg = Release|Any CPU
		{DC79D9DB-297E-4879-BDFC-C97905F4DDE6}.Release|Any CPU.Build.0 = Release|Any CPU
		{DC79D9DB-297E-4879-BDFC-C97905F4DDE6}.Release|x64.ActiveCfg = Release|Any CPU
		{DC79D9DB-297E-4879-BDFC-C97905F4DDE6}.Release|x64.Build.0 = Release|Any CPU
		{DC79D9DB-297E-4879-BDFC-C97905F4DDE6}.Release|x86.ActiveCfg = Release|Any CPU
		{DC79D9DB-297E-4879-BDFC-C97905F4DDE6}.Release|x86.Build.0 = Release|Any CPU
		{13FCB009-04F6-481F-AFD6-EA18D40898CE}.Debug|Any CPU.ActiveCfg = Debug|Any CPU
		{13FCB009-04F6-481F-AFD6-EA18D40898CE}.Debug|Any CPU.Build.0 = Debug|Any CPU
		{13FCB009-04F6-481F-AFD6-EA18D40898CE}.Debug|x64.ActiveCfg = Debug|Any CPU
		{13FCB009-04F6-481F-AFD6-EA18D40898CE}.Debug|x64.Build.0 = Debug|Any CPU
		{13FCB009-04F6-481F-AFD6-EA18D40898CE}.Debug|x86.ActiveCfg = Debug|Any CPU
		{13FCB009-04F6-481F-AFD6-EA18D40898CE}.Debug|x86.Build.0 = Debug|Any CPU
		{13FCB009-04F6-481F-AFD6-EA18D40898CE}.Release|Any CPU.ActiveCfg = Release|Any CPU
		{13FCB009-04F6-481F-AFD6-EA18D40898CE}.Release|Any CPU.Build.0 = Release|Any CPU
		{13FCB009-04F6-481F-AFD6-EA18D40898CE}.Release|x64.ActiveCfg = Release|Any CPU
		{13FCB009-04F6-481F-AFD6-EA18D40898CE}.Release|x64.Build.0 = Release|Any CPU
		{13FCB009-04F6-481F-AFD6-EA18D40898CE}.Release|x86.ActiveCfg = Release|Any CPU
		{13FCB009-04F6-481F-AFD6-EA18D40898CE}.Release|x86.Build.0 = Release|Any CPU
		{D8213C1B-5A04-4E88-82D6-E068432B0739}.Debug|Any CPU.ActiveCfg = Debug|Any CPU
		{D8213C1B-5A04-4E88-82D6-E068432B0739}.Debug|Any CPU.Build.0 = Debug|Any CPU
		{D8213C1B-5A04-4E88-82D6-E068432B0739}.Debug|x64.ActiveCfg = Debug|Any CPU
		{D8213C1B-5A04-4E88-82D6-E068432B0739}.Debug|x64.Build.0 = Debug|Any CPU
		{D8213C1B-5A04-4E88-82D6-E068432B0739}.Debug|x86.ActiveCfg = Debug|Any CPU
		{D8213C1B-5A04-4E88-82D6-E068432B0739}.Debug|x86.Build.0 = Debug|Any CPU
		{D8213C1B-5A04-4E88-82D6-E068432B0739}.Release|Any CPU.ActiveCfg = Release|Any CPU
		{D8213C1B-5A04-4E88-82D6-E068432B0739}.Release|Any CPU.Build.0 = Release|Any CPU
		{D8213C1B-5A04-4E88-82D6-E068432B0739}.Release|x64.ActiveCfg = Release|Any CPU
		{D8213C1B-5A04-4E88-82D6-E068432B0739}.Release|x64.Build.0 = Release|Any CPU
		{D8213C1B-5A04-4E88-82D6-E068432B0739}.Release|x86.ActiveCfg = Release|Any CPU
		{D8213C1B-5A04-4E88-82D6-E068432B0739}.Release|x86.Build.0 = Release|Any CPU
		{1A82309E-0945-4E5B-A386-DD7732A17DC1}.Debug|Any CPU.ActiveCfg = Debug|Any CPU
		{1A82309E-0945-4E5B-A386-DD7732A17DC1}.Debug|Any CPU.Build.0 = Debug|Any CPU
		{1A82309E-0945-4E5B-A386-DD7732A17DC1}.Debug|x64.ActiveCfg = Debug|Any CPU
		{1A82309E-0945-4E5B-A386-DD7732A17DC1}.Debug|x64.Build.0 = Debug|Any CPU
		{1A82309E-0945-4E5B-A386-DD7732A17DC1}.Debug|x86.ActiveCfg = Debug|Any CPU
		{1A82309E-0945-4E5B-A386-DD7732A17DC1}.Debug|x86.Build.0 = Debug|Any CPU
		{1A82309E-0945-4E5B-A386-DD7732A17DC1}.Release|Any CPU.ActiveCfg = Release|Any CPU
		{1A82309E-0945-4E5B-A386-DD7732A17DC1}.Release|Any CPU.Build.0 = Release|Any CPU
		{1A82309E-0945-4E5B-A386-DD7732A17DC1}.Release|x64.ActiveCfg = Release|Any CPU
		{1A82309E-0945-4E5B-A386-DD7732A17DC1}.Release|x64.Build.0 = Release|Any CPU
		{1A82309E-0945-4E5B-A386-DD7732A17DC1}.Release|x86.ActiveCfg = Release|Any CPU
		{1A82309E-0945-4E5B-A386-DD7732A17DC1}.Release|x86.Build.0 = Release|Any CPU
		{AACE2E99-C6DA-4962-A4A2-534A100EADA1}.Debug|Any CPU.ActiveCfg = Debug|Any CPU
		{AACE2E99-C6DA-4962-A4A2-534A100EADA1}.Debug|Any CPU.Build.0 = Debug|Any CPU
		{AACE2E99-C6DA-4962-A4A2-534A100EADA1}.Debug|x64.ActiveCfg = Debug|Any CPU
		{AACE2E99-C6DA-4962-A4A2-534A100EADA1}.Debug|x64.Build.0 = Debug|Any CPU
		{AACE2E99-C6DA-4962-A4A2-534A100EADA1}.Debug|x86.ActiveCfg = Debug|Any CPU
		{AACE2E99-C6DA-4962-A4A2-534A100EADA1}.Debug|x86.Build.0 = Debug|Any CPU
		{AACE2E99-C6DA-4962-A4A2-534A100EADA1}.Release|Any CPU.ActiveCfg = Release|Any CPU
		{AACE2E99-C6DA-4962-A4A2-534A100EADA1}.Release|Any CPU.Build.0 = Release|Any CPU
		{AACE2E99-C6DA-4962-A4A2-534A100EADA1}.Release|x64.ActiveCfg = Release|Any CPU
		{AACE2E99-C6DA-4962-A4A2-534A100EADA1}.Release|x64.Build.0 = Release|Any CPU
		{AACE2E99-C6DA-4962-A4A2-534A100EADA1}.Release|x86.ActiveCfg = Release|Any CPU
		{AACE2E99-C6DA-4962-A4A2-534A100EADA1}.Release|x86.Build.0 = Release|Any CPU
		{33AE0ACA-93FB-4A66-9B85-468B857FDDE9}.Debug|Any CPU.ActiveCfg = Debug|Any CPU
		{33AE0ACA-93FB-4A66-9B85-468B857FDDE9}.Debug|Any CPU.Build.0 = Debug|Any CPU
		{33AE0ACA-93FB-4A66-9B85-468B857FDDE9}.Debug|x64.ActiveCfg = Debug|Any CPU
		{33AE0ACA-93FB-4A66-9B85-468B857FDDE9}.Debug|x64.Build.0 = Debug|Any CPU
		{33AE0ACA-93FB-4A66-9B85-468B857FDDE9}.Debug|x86.ActiveCfg = Debug|Any CPU
		{33AE0ACA-93FB-4A66-9B85-468B857FDDE9}.Debug|x86.Build.0 = Debug|Any CPU
		{33AE0ACA-93FB-4A66-9B85-468B857FDDE9}.Release|Any CPU.ActiveCfg = Release|Any CPU
		{33AE0ACA-93FB-4A66-9B85-468B857FDDE9}.Release|Any CPU.Build.0 = Release|Any CPU
		{33AE0ACA-93FB-4A66-9B85-468B857FDDE9}.Release|x64.ActiveCfg = Release|Any CPU
		{33AE0ACA-93FB-4A66-9B85-468B857FDDE9}.Release|x64.Build.0 = Release|Any CPU
		{33AE0ACA-93FB-4A66-9B85-468B857FDDE9}.Release|x86.ActiveCfg = Release|Any CPU
		{33AE0ACA-93FB-4A66-9B85-468B857FDDE9}.Release|x86.Build.0 = Release|Any CPU
		{03B7EBEA-C168-49C0-A021-3AB20EF22014}.Debug|Any CPU.ActiveCfg = Debug|Any CPU
		{03B7EBEA-C168-49C0-A021-3AB20EF22014}.Debug|Any CPU.Build.0 = Debug|Any CPU
		{03B7EBEA-C168-49C0-A021-3AB20EF22014}.Debug|x64.ActiveCfg = Debug|Any CPU
		{03B7EBEA-C168-49C0-A021-3AB20EF22014}.Debug|x64.Build.0 = Debug|Any CPU
		{03B7EBEA-C168-49C0-A021-3AB20EF22014}.Debug|x86.ActiveCfg = Debug|Any CPU
		{03B7EBEA-C168-49C0-A021-3AB20EF22014}.Debug|x86.Build.0 = Debug|Any CPU
		{03B7EBEA-C168-49C0-A021-3AB20EF22014}.Release|Any CPU.ActiveCfg = Release|Any CPU
		{03B7EBEA-C168-49C0-A021-3AB20EF22014}.Release|Any CPU.Build.0 = Release|Any CPU
		{03B7EBEA-C168-49C0-A021-3AB20EF22014}.Release|x64.ActiveCfg = Release|Any CPU
		{03B7EBEA-C168-49C0-A021-3AB20EF22014}.Release|x64.Build.0 = Release|Any CPU
		{03B7EBEA-C168-49C0-A021-3AB20EF22014}.Release|x86.ActiveCfg = Release|Any CPU
		{03B7EBEA-C168-49C0-A021-3AB20EF22014}.Release|x86.Build.0 = Release|Any CPU
		{22EA8077-0FA3-4DBD-85DB-D49E9045D21C}.Debug|Any CPU.ActiveCfg = Debug|Any CPU
		{22EA8077-0FA3-4DBD-85DB-D49E9045D21C}.Debug|Any CPU.Build.0 = Debug|Any CPU
		{22EA8077-0FA3-4DBD-85DB-D49E9045D21C}.Debug|x64.ActiveCfg = Debug|Any CPU
		{22EA8077-0FA3-4DBD-85DB-D49E9045D21C}.Debug|x64.Build.0 = Debug|Any CPU
		{22EA8077-0FA3-4DBD-85DB-D49E9045D21C}.Debug|x86.ActiveCfg = Debug|Any CPU
		{22EA8077-0FA3-4DBD-85DB-D49E9045D21C}.Debug|x86.Build.0 = Debug|Any CPU
		{22EA8077-0FA3-4DBD-85DB-D49E9045D21C}.Release|Any CPU.ActiveCfg = Release|Any CPU
		{22EA8077-0FA3-4DBD-85DB-D49E9045D21C}.Release|Any CPU.Build.0 = Release|Any CPU
		{22EA8077-0FA3-4DBD-85DB-D49E9045D21C}.Release|x64.ActiveCfg = Release|Any CPU
		{22EA8077-0FA3-4DBD-85DB-D49E9045D21C}.Release|x64.Build.0 = Release|Any CPU
		{22EA8077-0FA3-4DBD-85DB-D49E9045D21C}.Release|x86.ActiveCfg = Release|Any CPU
		{22EA8077-0FA3-4DBD-85DB-D49E9045D21C}.Release|x86.Build.0 = Release|Any CPU
		{1DD3D02A-9382-4D2E-A011-84850CB89002}.Debug|Any CPU.ActiveCfg = Debug|Any CPU
		{1DD3D02A-9382-4D2E-A011-84850CB89002}.Debug|Any CPU.Build.0 = Debug|Any CPU
		{1DD3D02A-9382-4D2E-A011-84850CB89002}.Debug|x64.ActiveCfg = Debug|Any CPU
		{1DD3D02A-9382-4D2E-A011-84850CB89002}.Debug|x64.Build.0 = Debug|Any CPU
		{1DD3D02A-9382-4D2E-A011-84850CB89002}.Debug|x86.ActiveCfg = Debug|Any CPU
		{1DD3D02A-9382-4D2E-A011-84850CB89002}.Debug|x86.Build.0 = Debug|Any CPU
		{1DD3D02A-9382-4D2E-A011-84850CB89002}.Release|Any CPU.ActiveCfg = Release|Any CPU
		{1DD3D02A-9382-4D2E-A011-84850CB89002}.Release|Any CPU.Build.0 = Release|Any CPU
		{1DD3D02A-9382-4D2E-A011-84850CB89002}.Release|x64.ActiveCfg = Release|Any CPU
		{1DD3D02A-9382-4D2E-A011-84850CB89002}.Release|x64.Build.0 = Release|Any CPU
		{1DD3D02A-9382-4D2E-A011-84850CB89002}.Release|x86.ActiveCfg = Release|Any CPU
		{1DD3D02A-9382-4D2E-A011-84850CB89002}.Release|x86.Build.0 = Release|Any CPU
		{DAD6513B-05CB-4D09-AAB5-20AEB4509F66}.Debug|Any CPU.ActiveCfg = Debug|Any CPU
		{DAD6513B-05CB-4D09-AAB5-20AEB4509F66}.Debug|Any CPU.Build.0 = Debug|Any CPU
		{DAD6513B-05CB-4D09-AAB5-20AEB4509F66}.Debug|x64.ActiveCfg = Debug|Any CPU
		{DAD6513B-05CB-4D09-AAB5-20AEB4509F66}.Debug|x64.Build.0 = Debug|Any CPU
		{DAD6513B-05CB-4D09-AAB5-20AEB4509F66}.Debug|x86.ActiveCfg = Debug|Any CPU
		{DAD6513B-05CB-4D09-AAB5-20AEB4509F66}.Debug|x86.Build.0 = Debug|Any CPU
		{DAD6513B-05CB-4D09-AAB5-20AEB4509F66}.Release|Any CPU.ActiveCfg = Release|Any CPU
		{DAD6513B-05CB-4D09-AAB5-20AEB4509F66}.Release|Any CPU.Build.0 = Release|Any CPU
		{DAD6513B-05CB-4D09-AAB5-20AEB4509F66}.Release|x64.ActiveCfg = Release|Any CPU
		{DAD6513B-05CB-4D09-AAB5-20AEB4509F66}.Release|x64.Build.0 = Release|Any CPU
		{DAD6513B-05CB-4D09-AAB5-20AEB4509F66}.Release|x86.ActiveCfg = Release|Any CPU
		{DAD6513B-05CB-4D09-AAB5-20AEB4509F66}.Release|x86.Build.0 = Release|Any CPU
		{5DBC6DDD-2126-4E3D-B57E-FF3D0DB44411}.Debug|Any CPU.ActiveCfg = Debug|Any CPU
		{5DBC6DDD-2126-4E3D-B57E-FF3D0DB44411}.Debug|Any CPU.Build.0 = Debug|Any CPU
		{5DBC6DDD-2126-4E3D-B57E-FF3D0DB44411}.Debug|x64.ActiveCfg = Debug|Any CPU
		{5DBC6DDD-2126-4E3D-B57E-FF3D0DB44411}.Debug|x64.Build.0 = Debug|Any CPU
		{5DBC6DDD-2126-4E3D-B57E-FF3D0DB44411}.Debug|x86.ActiveCfg = Debug|Any CPU
		{5DBC6DDD-2126-4E3D-B57E-FF3D0DB44411}.Debug|x86.Build.0 = Debug|Any CPU
		{5DBC6DDD-2126-4E3D-B57E-FF3D0DB44411}.Release|Any CPU.ActiveCfg = Release|Any CPU
		{5DBC6DDD-2126-4E3D-B57E-FF3D0DB44411}.Release|Any CPU.Build.0 = Release|Any CPU
		{5DBC6DDD-2126-4E3D-B57E-FF3D0DB44411}.Release|x64.ActiveCfg = Release|Any CPU
		{5DBC6DDD-2126-4E3D-B57E-FF3D0DB44411}.Release|x64.Build.0 = Release|Any CPU
		{5DBC6DDD-2126-4E3D-B57E-FF3D0DB44411}.Release|x86.ActiveCfg = Release|Any CPU
		{5DBC6DDD-2126-4E3D-B57E-FF3D0DB44411}.Release|x86.Build.0 = Release|Any CPU
		{768ACFCD-270C-4F0E-9962-82595BBF6312}.Debug|Any CPU.ActiveCfg = Debug|Any CPU
		{768ACFCD-270C-4F0E-9962-82595BBF6312}.Debug|Any CPU.Build.0 = Debug|Any CPU
		{768ACFCD-270C-4F0E-9962-82595BBF6312}.Debug|x64.ActiveCfg = Debug|Any CPU
		{768ACFCD-270C-4F0E-9962-82595BBF6312}.Debug|x64.Build.0 = Debug|Any CPU
		{768ACFCD-270C-4F0E-9962-82595BBF6312}.Debug|x86.ActiveCfg = Debug|Any CPU
		{768ACFCD-270C-4F0E-9962-82595BBF6312}.Debug|x86.Build.0 = Debug|Any CPU
		{768ACFCD-270C-4F0E-9962-82595BBF6312}.Release|Any CPU.ActiveCfg = Release|Any CPU
		{768ACFCD-270C-4F0E-9962-82595BBF6312}.Release|Any CPU.Build.0 = Release|Any CPU
		{768ACFCD-270C-4F0E-9962-82595BBF6312}.Release|x64.ActiveCfg = Release|Any CPU
		{768ACFCD-270C-4F0E-9962-82595BBF6312}.Release|x64.Build.0 = Release|Any CPU
		{768ACFCD-270C-4F0E-9962-82595BBF6312}.Release|x86.ActiveCfg = Release|Any CPU
		{768ACFCD-270C-4F0E-9962-82595BBF6312}.Release|x86.Build.0 = Release|Any CPU
		{977BCF9A-2B17-40FB-9FC8-B9373EA07EAE}.Debug|Any CPU.ActiveCfg = Debug|Any CPU
		{977BCF9A-2B17-40FB-9FC8-B9373EA07EAE}.Debug|Any CPU.Build.0 = Debug|Any CPU
		{977BCF9A-2B17-40FB-9FC8-B9373EA07EAE}.Debug|x64.ActiveCfg = Debug|Any CPU
		{977BCF9A-2B17-40FB-9FC8-B9373EA07EAE}.Debug|x64.Build.0 = Debug|Any CPU
		{977BCF9A-2B17-40FB-9FC8-B9373EA07EAE}.Debug|x86.ActiveCfg = Debug|Any CPU
		{977BCF9A-2B17-40FB-9FC8-B9373EA07EAE}.Debug|x86.Build.0 = Debug|Any CPU
		{977BCF9A-2B17-40FB-9FC8-B9373EA07EAE}.Release|Any CPU.ActiveCfg = Release|Any CPU
		{977BCF9A-2B17-40FB-9FC8-B9373EA07EAE}.Release|Any CPU.Build.0 = Release|Any CPU
		{977BCF9A-2B17-40FB-9FC8-B9373EA07EAE}.Release|x64.ActiveCfg = Release|Any CPU
		{977BCF9A-2B17-40FB-9FC8-B9373EA07EAE}.Release|x64.Build.0 = Release|Any CPU
		{977BCF9A-2B17-40FB-9FC8-B9373EA07EAE}.Release|x86.ActiveCfg = Release|Any CPU
		{977BCF9A-2B17-40FB-9FC8-B9373EA07EAE}.Release|x86.Build.0 = Release|Any CPU
		{946D052F-1A56-45C3-BEA0-562A058D180E}.Debug|Any CPU.ActiveCfg = Debug|Any CPU
		{946D052F-1A56-45C3-BEA0-562A058D180E}.Debug|Any CPU.Build.0 = Debug|Any CPU
		{946D052F-1A56-45C3-BEA0-562A058D180E}.Debug|x64.ActiveCfg = Debug|Any CPU
		{946D052F-1A56-45C3-BEA0-562A058D180E}.Debug|x64.Build.0 = Debug|Any CPU
		{946D052F-1A56-45C3-BEA0-562A058D180E}.Debug|x86.ActiveCfg = Debug|Any CPU
		{946D052F-1A56-45C3-BEA0-562A058D180E}.Debug|x86.Build.0 = Debug|Any CPU
		{946D052F-1A56-45C3-BEA0-562A058D180E}.Release|Any CPU.ActiveCfg = Release|Any CPU
		{946D052F-1A56-45C3-BEA0-562A058D180E}.Release|Any CPU.Build.0 = Release|Any CPU
		{946D052F-1A56-45C3-BEA0-562A058D180E}.Release|x64.ActiveCfg = Release|Any CPU
		{946D052F-1A56-45C3-BEA0-562A058D180E}.Release|x64.Build.0 = Release|Any CPU
		{946D052F-1A56-45C3-BEA0-562A058D180E}.Release|x86.ActiveCfg = Release|Any CPU
		{946D052F-1A56-45C3-BEA0-562A058D180E}.Release|x86.Build.0 = Release|Any CPU
		{A0AE90E6-68EB-4204-9088-8D2C364430C0}.Debug|Any CPU.ActiveCfg = Debug|Any CPU
		{A0AE90E6-68EB-4204-9088-8D2C364430C0}.Debug|Any CPU.Build.0 = Debug|Any CPU
		{A0AE90E6-68EB-4204-9088-8D2C364430C0}.Debug|x64.ActiveCfg = Debug|Any CPU
		{A0AE90E6-68EB-4204-9088-8D2C364430C0}.Debug|x64.Build.0 = Debug|Any CPU
		{A0AE90E6-68EB-4204-9088-8D2C364430C0}.Debug|x86.ActiveCfg = Debug|Any CPU
		{A0AE90E6-68EB-4204-9088-8D2C364430C0}.Debug|x86.Build.0 = Debug|Any CPU
		{A0AE90E6-68EB-4204-9088-8D2C364430C0}.Release|Any CPU.ActiveCfg = Release|Any CPU
		{A0AE90E6-68EB-4204-9088-8D2C364430C0}.Release|Any CPU.Build.0 = Release|Any CPU
		{A0AE90E6-68EB-4204-9088-8D2C364430C0}.Release|x64.ActiveCfg = Release|Any CPU
		{A0AE90E6-68EB-4204-9088-8D2C364430C0}.Release|x64.Build.0 = Release|Any CPU
		{A0AE90E6-68EB-4204-9088-8D2C364430C0}.Release|x86.ActiveCfg = Release|Any CPU
		{A0AE90E6-68EB-4204-9088-8D2C364430C0}.Release|x86.Build.0 = Release|Any CPU
		{942D608E-8662-4180-B722-D19164BD7A98}.Debug|Any CPU.ActiveCfg = Debug|Any CPU
		{942D608E-8662-4180-B722-D19164BD7A98}.Debug|Any CPU.Build.0 = Debug|Any CPU
		{942D608E-8662-4180-B722-D19164BD7A98}.Debug|x64.ActiveCfg = Debug|Any CPU
		{942D608E-8662-4180-B722-D19164BD7A98}.Debug|x64.Build.0 = Debug|Any CPU
		{942D608E-8662-4180-B722-D19164BD7A98}.Debug|x86.ActiveCfg = Debug|Any CPU
		{942D608E-8662-4180-B722-D19164BD7A98}.Debug|x86.Build.0 = Debug|Any CPU
		{942D608E-8662-4180-B722-D19164BD7A98}.Release|Any CPU.ActiveCfg = Release|Any CPU
		{942D608E-8662-4180-B722-D19164BD7A98}.Release|Any CPU.Build.0 = Release|Any CPU
		{942D608E-8662-4180-B722-D19164BD7A98}.Release|x64.ActiveCfg = Release|Any CPU
		{942D608E-8662-4180-B722-D19164BD7A98}.Release|x64.Build.0 = Release|Any CPU
		{942D608E-8662-4180-B722-D19164BD7A98}.Release|x86.ActiveCfg = Release|Any CPU
		{942D608E-8662-4180-B722-D19164BD7A98}.Release|x86.Build.0 = Release|Any CPU
		{AA50E82F-4740-49CD-8F55-1C42FBE812B5}.Debug|Any CPU.ActiveCfg = Debug|Any CPU
		{AA50E82F-4740-49CD-8F55-1C42FBE812B5}.Debug|Any CPU.Build.0 = Debug|Any CPU
		{AA50E82F-4740-49CD-8F55-1C42FBE812B5}.Debug|x64.ActiveCfg = Debug|Any CPU
		{AA50E82F-4740-49CD-8F55-1C42FBE812B5}.Debug|x64.Build.0 = Debug|Any CPU
		{AA50E82F-4740-49CD-8F55-1C42FBE812B5}.Debug|x86.ActiveCfg = Debug|Any CPU
		{AA50E82F-4740-49CD-8F55-1C42FBE812B5}.Debug|x86.Build.0 = Debug|Any CPU
		{AA50E82F-4740-49CD-8F55-1C42FBE812B5}.Release|Any CPU.ActiveCfg = Release|Any CPU
		{AA50E82F-4740-49CD-8F55-1C42FBE812B5}.Release|Any CPU.Build.0 = Release|Any CPU
		{AA50E82F-4740-49CD-8F55-1C42FBE812B5}.Release|x64.ActiveCfg = Release|Any CPU
		{AA50E82F-4740-49CD-8F55-1C42FBE812B5}.Release|x64.Build.0 = Release|Any CPU
		{AA50E82F-4740-49CD-8F55-1C42FBE812B5}.Release|x86.ActiveCfg = Release|Any CPU
		{AA50E82F-4740-49CD-8F55-1C42FBE812B5}.Release|x86.Build.0 = Release|Any CPU
		{EED6A9FA-3605-49D2-AD30-43DCD4DA0D68}.Debug|Any CPU.ActiveCfg = Debug|Any CPU
		{EED6A9FA-3605-49D2-AD30-43DCD4DA0D68}.Debug|Any CPU.Build.0 = Debug|Any CPU
		{EED6A9FA-3605-49D2-AD30-43DCD4DA0D68}.Debug|x64.ActiveCfg = Debug|Any CPU
		{EED6A9FA-3605-49D2-AD30-43DCD4DA0D68}.Debug|x64.Build.0 = Debug|Any CPU
		{EED6A9FA-3605-49D2-AD30-43DCD4DA0D68}.Debug|x86.ActiveCfg = Debug|Any CPU
		{EED6A9FA-3605-49D2-AD30-43DCD4DA0D68}.Debug|x86.Build.0 = Debug|Any CPU
		{EED6A9FA-3605-49D2-AD30-43DCD4DA0D68}.Release|Any CPU.ActiveCfg = Release|Any CPU
		{EED6A9FA-3605-49D2-AD30-43DCD4DA0D68}.Release|Any CPU.Build.0 = Release|Any CPU
		{EED6A9FA-3605-49D2-AD30-43DCD4DA0D68}.Release|x64.ActiveCfg = Release|Any CPU
		{EED6A9FA-3605-49D2-AD30-43DCD4DA0D68}.Release|x64.Build.0 = Release|Any CPU
		{EED6A9FA-3605-49D2-AD30-43DCD4DA0D68}.Release|x86.ActiveCfg = Release|Any CPU
		{EED6A9FA-3605-49D2-AD30-43DCD4DA0D68}.Release|x86.Build.0 = Release|Any CPU
		{EDF7912D-60EF-4056-A0AF-AF4430A7FBA9}.Debug|Any CPU.ActiveCfg = Debug|Any CPU
		{EDF7912D-60EF-4056-A0AF-AF4430A7FBA9}.Debug|Any CPU.Build.0 = Debug|Any CPU
		{EDF7912D-60EF-4056-A0AF-AF4430A7FBA9}.Debug|x64.ActiveCfg = Debug|Any CPU
		{EDF7912D-60EF-4056-A0AF-AF4430A7FBA9}.Debug|x64.Build.0 = Debug|Any CPU
		{EDF7912D-60EF-4056-A0AF-AF4430A7FBA9}.Debug|x86.ActiveCfg = Debug|Any CPU
		{EDF7912D-60EF-4056-A0AF-AF4430A7FBA9}.Debug|x86.Build.0 = Debug|Any CPU
		{EDF7912D-60EF-4056-A0AF-AF4430A7FBA9}.Release|Any CPU.ActiveCfg = Release|Any CPU
		{EDF7912D-60EF-4056-A0AF-AF4430A7FBA9}.Release|Any CPU.Build.0 = Release|Any CPU
		{EDF7912D-60EF-4056-A0AF-AF4430A7FBA9}.Release|x64.ActiveCfg = Release|Any CPU
		{EDF7912D-60EF-4056-A0AF-AF4430A7FBA9}.Release|x64.Build.0 = Release|Any CPU
		{EDF7912D-60EF-4056-A0AF-AF4430A7FBA9}.Release|x86.ActiveCfg = Release|Any CPU
		{EDF7912D-60EF-4056-A0AF-AF4430A7FBA9}.Release|x86.Build.0 = Release|Any CPU
		{205F98A9-96E0-40C9-80C6-6236AC32D4CD}.Debug|Any CPU.ActiveCfg = Debug|Any CPU
		{205F98A9-96E0-40C9-80C6-6236AC32D4CD}.Debug|Any CPU.Build.0 = Debug|Any CPU
		{205F98A9-96E0-40C9-80C6-6236AC32D4CD}.Debug|x64.ActiveCfg = Debug|Any CPU
		{205F98A9-96E0-40C9-80C6-6236AC32D4CD}.Debug|x64.Build.0 = Debug|Any CPU
		{205F98A9-96E0-40C9-80C6-6236AC32D4CD}.Debug|x86.ActiveCfg = Debug|Any CPU
		{205F98A9-96E0-40C9-80C6-6236AC32D4CD}.Debug|x86.Build.0 = Debug|Any CPU
		{205F98A9-96E0-40C9-80C6-6236AC32D4CD}.Release|Any CPU.ActiveCfg = Release|Any CPU
		{205F98A9-96E0-40C9-80C6-6236AC32D4CD}.Release|Any CPU.Build.0 = Release|Any CPU
		{205F98A9-96E0-40C9-80C6-6236AC32D4CD}.Release|x64.ActiveCfg = Release|Any CPU
		{205F98A9-96E0-40C9-80C6-6236AC32D4CD}.Release|x64.Build.0 = Release|Any CPU
		{205F98A9-96E0-40C9-80C6-6236AC32D4CD}.Release|x86.ActiveCfg = Release|Any CPU
		{205F98A9-96E0-40C9-80C6-6236AC32D4CD}.Release|x86.Build.0 = Release|Any CPU
		{8E6D8E62-134B-4A55-AE53-E44879F3E66C}.Debug|Any CPU.ActiveCfg = Debug|Any CPU
		{8E6D8E62-134B-4A55-AE53-E44879F3E66C}.Debug|Any CPU.Build.0 = Debug|Any CPU
		{8E6D8E62-134B-4A55-AE53-E44879F3E66C}.Debug|x64.ActiveCfg = Debug|Any CPU
		{8E6D8E62-134B-4A55-AE53-E44879F3E66C}.Debug|x64.Build.0 = Debug|Any CPU
		{8E6D8E62-134B-4A55-AE53-E44879F3E66C}.Debug|x86.ActiveCfg = Debug|Any CPU
		{8E6D8E62-134B-4A55-AE53-E44879F3E66C}.Debug|x86.Build.0 = Debug|Any CPU
		{8E6D8E62-134B-4A55-AE53-E44879F3E66C}.Release|Any CPU.ActiveCfg = Release|Any CPU
		{8E6D8E62-134B-4A55-AE53-E44879F3E66C}.Release|Any CPU.Build.0 = Release|Any CPU
		{8E6D8E62-134B-4A55-AE53-E44879F3E66C}.Release|x64.ActiveCfg = Release|Any CPU
		{8E6D8E62-134B-4A55-AE53-E44879F3E66C}.Release|x64.Build.0 = Release|Any CPU
		{8E6D8E62-134B-4A55-AE53-E44879F3E66C}.Release|x86.ActiveCfg = Release|Any CPU
		{8E6D8E62-134B-4A55-AE53-E44879F3E66C}.Release|x86.Build.0 = Release|Any CPU
		{B772A796-85E7-4E26-90EA-207760A24FE2}.Debug|Any CPU.ActiveCfg = Debug|Any CPU
		{B772A796-85E7-4E26-90EA-207760A24FE2}.Debug|Any CPU.Build.0 = Debug|Any CPU
		{B772A796-85E7-4E26-90EA-207760A24FE2}.Debug|x64.ActiveCfg = Debug|Any CPU
		{B772A796-85E7-4E26-90EA-207760A24FE2}.Debug|x64.Build.0 = Debug|Any CPU
		{B772A796-85E7-4E26-90EA-207760A24FE2}.Debug|x86.ActiveCfg = Debug|Any CPU
		{B772A796-85E7-4E26-90EA-207760A24FE2}.Debug|x86.Build.0 = Debug|Any CPU
		{B772A796-85E7-4E26-90EA-207760A24FE2}.Release|Any CPU.ActiveCfg = Release|Any CPU
		{B772A796-85E7-4E26-90EA-207760A24FE2}.Release|Any CPU.Build.0 = Release|Any CPU
		{B772A796-85E7-4E26-90EA-207760A24FE2}.Release|x64.ActiveCfg = Release|Any CPU
		{B772A796-85E7-4E26-90EA-207760A24FE2}.Release|x64.Build.0 = Release|Any CPU
		{B772A796-85E7-4E26-90EA-207760A24FE2}.Release|x86.ActiveCfg = Release|Any CPU
		{B772A796-85E7-4E26-90EA-207760A24FE2}.Release|x86.Build.0 = Release|Any CPU
		{05AA49B7-3114-4FCA-9AE5-80AAB58147C9}.Debug|Any CPU.ActiveCfg = Debug|Any CPU
		{05AA49B7-3114-4FCA-9AE5-80AAB58147C9}.Debug|Any CPU.Build.0 = Debug|Any CPU
		{05AA49B7-3114-4FCA-9AE5-80AAB58147C9}.Debug|x64.ActiveCfg = Debug|Any CPU
		{05AA49B7-3114-4FCA-9AE5-80AAB58147C9}.Debug|x64.Build.0 = Debug|Any CPU
		{05AA49B7-3114-4FCA-9AE5-80AAB58147C9}.Debug|x86.ActiveCfg = Debug|Any CPU
		{05AA49B7-3114-4FCA-9AE5-80AAB58147C9}.Debug|x86.Build.0 = Debug|Any CPU
		{05AA49B7-3114-4FCA-9AE5-80AAB58147C9}.Release|Any CPU.ActiveCfg = Release|Any CPU
		{05AA49B7-3114-4FCA-9AE5-80AAB58147C9}.Release|Any CPU.Build.0 = Release|Any CPU
		{05AA49B7-3114-4FCA-9AE5-80AAB58147C9}.Release|x64.ActiveCfg = Release|Any CPU
		{05AA49B7-3114-4FCA-9AE5-80AAB58147C9}.Release|x64.Build.0 = Release|Any CPU
		{05AA49B7-3114-4FCA-9AE5-80AAB58147C9}.Release|x86.ActiveCfg = Release|Any CPU
		{05AA49B7-3114-4FCA-9AE5-80AAB58147C9}.Release|x86.Build.0 = Release|Any CPU
		{66477E05-F642-4513-9A91-6C4CF49AA662}.Debug|Any CPU.ActiveCfg = Debug|Any CPU
		{66477E05-F642-4513-9A91-6C4CF49AA662}.Debug|Any CPU.Build.0 = Debug|Any CPU
		{66477E05-F642-4513-9A91-6C4CF49AA662}.Debug|x64.ActiveCfg = Debug|Any CPU
		{66477E05-F642-4513-9A91-6C4CF49AA662}.Debug|x64.Build.0 = Debug|Any CPU
		{66477E05-F642-4513-9A91-6C4CF49AA662}.Debug|x86.ActiveCfg = Debug|Any CPU
		{66477E05-F642-4513-9A91-6C4CF49AA662}.Debug|x86.Build.0 = Debug|Any CPU
		{66477E05-F642-4513-9A91-6C4CF49AA662}.Release|Any CPU.ActiveCfg = Release|Any CPU
		{66477E05-F642-4513-9A91-6C4CF49AA662}.Release|Any CPU.Build.0 = Release|Any CPU
		{66477E05-F642-4513-9A91-6C4CF49AA662}.Release|x64.ActiveCfg = Release|Any CPU
		{66477E05-F642-4513-9A91-6C4CF49AA662}.Release|x64.Build.0 = Release|Any CPU
		{66477E05-F642-4513-9A91-6C4CF49AA662}.Release|x86.ActiveCfg = Release|Any CPU
		{66477E05-F642-4513-9A91-6C4CF49AA662}.Release|x86.Build.0 = Release|Any CPU
		{BB568577-C750-4DD1-BCA4-4F0524AE06FB}.Debug|Any CPU.ActiveCfg = Debug|Any CPU
		{BB568577-C750-4DD1-BCA4-4F0524AE06FB}.Debug|Any CPU.Build.0 = Debug|Any CPU
		{BB568577-C750-4DD1-BCA4-4F0524AE06FB}.Debug|x64.ActiveCfg = Debug|Any CPU
		{BB568577-C750-4DD1-BCA4-4F0524AE06FB}.Debug|x64.Build.0 = Debug|Any CPU
		{BB568577-C750-4DD1-BCA4-4F0524AE06FB}.Debug|x86.ActiveCfg = Debug|Any CPU
		{BB568577-C750-4DD1-BCA4-4F0524AE06FB}.Debug|x86.Build.0 = Debug|Any CPU
		{BB568577-C750-4DD1-BCA4-4F0524AE06FB}.Release|Any CPU.ActiveCfg = Release|Any CPU
		{BB568577-C750-4DD1-BCA4-4F0524AE06FB}.Release|Any CPU.Build.0 = Release|Any CPU
		{BB568577-C750-4DD1-BCA4-4F0524AE06FB}.Release|x64.ActiveCfg = Release|Any CPU
		{BB568577-C750-4DD1-BCA4-4F0524AE06FB}.Release|x64.Build.0 = Release|Any CPU
		{BB568577-C750-4DD1-BCA4-4F0524AE06FB}.Release|x86.ActiveCfg = Release|Any CPU
		{BB568577-C750-4DD1-BCA4-4F0524AE06FB}.Release|x86.Build.0 = Release|Any CPU
		{6783638F-FBBB-455D-8572-583793FA4A24}.Debug|Any CPU.ActiveCfg = Debug|Any CPU
		{6783638F-FBBB-455D-8572-583793FA4A24}.Debug|Any CPU.Build.0 = Debug|Any CPU
		{6783638F-FBBB-455D-8572-583793FA4A24}.Debug|x64.ActiveCfg = Debug|Any CPU
		{6783638F-FBBB-455D-8572-583793FA4A24}.Debug|x64.Build.0 = Debug|Any CPU
		{6783638F-FBBB-455D-8572-583793FA4A24}.Debug|x86.ActiveCfg = Debug|Any CPU
		{6783638F-FBBB-455D-8572-583793FA4A24}.Debug|x86.Build.0 = Debug|Any CPU
		{6783638F-FBBB-455D-8572-583793FA4A24}.Release|Any CPU.ActiveCfg = Release|Any CPU
		{6783638F-FBBB-455D-8572-583793FA4A24}.Release|Any CPU.Build.0 = Release|Any CPU
		{6783638F-FBBB-455D-8572-583793FA4A24}.Release|x64.ActiveCfg = Release|Any CPU
		{6783638F-FBBB-455D-8572-583793FA4A24}.Release|x64.Build.0 = Release|Any CPU
		{6783638F-FBBB-455D-8572-583793FA4A24}.Release|x86.ActiveCfg = Release|Any CPU
		{6783638F-FBBB-455D-8572-583793FA4A24}.Release|x86.Build.0 = Release|Any CPU
		{05727AFE-B479-472D-8390-2C4388E47393}.Debug|Any CPU.ActiveCfg = Debug|Any CPU
		{05727AFE-B479-472D-8390-2C4388E47393}.Debug|Any CPU.Build.0 = Debug|Any CPU
		{05727AFE-B479-472D-8390-2C4388E47393}.Debug|x64.ActiveCfg = Debug|Any CPU
		{05727AFE-B479-472D-8390-2C4388E47393}.Debug|x64.Build.0 = Debug|Any CPU
		{05727AFE-B479-472D-8390-2C4388E47393}.Debug|x86.ActiveCfg = Debug|Any CPU
		{05727AFE-B479-472D-8390-2C4388E47393}.Debug|x86.Build.0 = Debug|Any CPU
		{05727AFE-B479-472D-8390-2C4388E47393}.Release|Any CPU.ActiveCfg = Release|Any CPU
		{05727AFE-B479-472D-8390-2C4388E47393}.Release|Any CPU.Build.0 = Release|Any CPU
		{05727AFE-B479-472D-8390-2C4388E47393}.Release|x64.ActiveCfg = Release|Any CPU
		{05727AFE-B479-472D-8390-2C4388E47393}.Release|x64.Build.0 = Release|Any CPU
		{05727AFE-B479-472D-8390-2C4388E47393}.Release|x86.ActiveCfg = Release|Any CPU
		{05727AFE-B479-472D-8390-2C4388E47393}.Release|x86.Build.0 = Release|Any CPU
		{8C32B18B-7843-4E35-B6B1-CA8B8C029DC9}.Debug|Any CPU.ActiveCfg = Debug|Any CPU
		{8C32B18B-7843-4E35-B6B1-CA8B8C029DC9}.Debug|Any CPU.Build.0 = Debug|Any CPU
		{8C32B18B-7843-4E35-B6B1-CA8B8C029DC9}.Debug|x64.ActiveCfg = Debug|Any CPU
		{8C32B18B-7843-4E35-B6B1-CA8B8C029DC9}.Debug|x64.Build.0 = Debug|Any CPU
		{8C32B18B-7843-4E35-B6B1-CA8B8C029DC9}.Debug|x86.ActiveCfg = Debug|Any CPU
		{8C32B18B-7843-4E35-B6B1-CA8B8C029DC9}.Debug|x86.Build.0 = Debug|Any CPU
		{8C32B18B-7843-4E35-B6B1-CA8B8C029DC9}.Release|Any CPU.ActiveCfg = Release|Any CPU
		{8C32B18B-7843-4E35-B6B1-CA8B8C029DC9}.Release|Any CPU.Build.0 = Release|Any CPU
		{8C32B18B-7843-4E35-B6B1-CA8B8C029DC9}.Release|x64.ActiveCfg = Release|Any CPU
		{8C32B18B-7843-4E35-B6B1-CA8B8C029DC9}.Release|x64.Build.0 = Release|Any CPU
		{8C32B18B-7843-4E35-B6B1-CA8B8C029DC9}.Release|x86.ActiveCfg = Release|Any CPU
		{8C32B18B-7843-4E35-B6B1-CA8B8C029DC9}.Release|x86.Build.0 = Release|Any CPU
		{3D21E3BC-EFD7-4688-8BF9-CC709791FAD2}.Debug|Any CPU.ActiveCfg = Debug|Any CPU
		{3D21E3BC-EFD7-4688-8BF9-CC709791FAD2}.Debug|Any CPU.Build.0 = Debug|Any CPU
		{3D21E3BC-EFD7-4688-8BF9-CC709791FAD2}.Debug|x64.ActiveCfg = Debug|Any CPU
		{3D21E3BC-EFD7-4688-8BF9-CC709791FAD2}.Debug|x64.Build.0 = Debug|Any CPU
		{3D21E3BC-EFD7-4688-8BF9-CC709791FAD2}.Debug|x86.ActiveCfg = Debug|Any CPU
		{3D21E3BC-EFD7-4688-8BF9-CC709791FAD2}.Debug|x86.Build.0 = Debug|Any CPU
		{3D21E3BC-EFD7-4688-8BF9-CC709791FAD2}.Release|Any CPU.ActiveCfg = Release|Any CPU
		{3D21E3BC-EFD7-4688-8BF9-CC709791FAD2}.Release|Any CPU.Build.0 = Release|Any CPU
		{3D21E3BC-EFD7-4688-8BF9-CC709791FAD2}.Release|x64.ActiveCfg = Release|Any CPU
		{3D21E3BC-EFD7-4688-8BF9-CC709791FAD2}.Release|x64.Build.0 = Release|Any CPU
		{3D21E3BC-EFD7-4688-8BF9-CC709791FAD2}.Release|x86.ActiveCfg = Release|Any CPU
		{3D21E3BC-EFD7-4688-8BF9-CC709791FAD2}.Release|x86.Build.0 = Release|Any CPU
		{ED220E23-B8B3-4663-A641-240ABDA10167}.Debug|Any CPU.ActiveCfg = Debug|Any CPU
		{ED220E23-B8B3-4663-A641-240ABDA10167}.Debug|Any CPU.Build.0 = Debug|Any CPU
		{ED220E23-B8B3-4663-A641-240ABDA10167}.Debug|x64.ActiveCfg = Debug|Any CPU
		{ED220E23-B8B3-4663-A641-240ABDA10167}.Debug|x64.Build.0 = Debug|Any CPU
		{ED220E23-B8B3-4663-A641-240ABDA10167}.Debug|x86.ActiveCfg = Debug|Any CPU
		{ED220E23-B8B3-4663-A641-240ABDA10167}.Debug|x86.Build.0 = Debug|Any CPU
		{ED220E23-B8B3-4663-A641-240ABDA10167}.Release|Any CPU.ActiveCfg = Release|Any CPU
		{ED220E23-B8B3-4663-A641-240ABDA10167}.Release|Any CPU.Build.0 = Release|Any CPU
		{ED220E23-B8B3-4663-A641-240ABDA10167}.Release|x64.ActiveCfg = Release|Any CPU
		{ED220E23-B8B3-4663-A641-240ABDA10167}.Release|x64.Build.0 = Release|Any CPU
		{ED220E23-B8B3-4663-A641-240ABDA10167}.Release|x86.ActiveCfg = Release|Any CPU
		{ED220E23-B8B3-4663-A641-240ABDA10167}.Release|x86.Build.0 = Release|Any CPU
		{84033AC3-47A5-4F42-A8BF-3075B46F03F9}.Debug|Any CPU.ActiveCfg = Debug|Any CPU
		{84033AC3-47A5-4F42-A8BF-3075B46F03F9}.Debug|Any CPU.Build.0 = Debug|Any CPU
		{84033AC3-47A5-4F42-A8BF-3075B46F03F9}.Debug|x64.ActiveCfg = Debug|Any CPU
		{84033AC3-47A5-4F42-A8BF-3075B46F03F9}.Debug|x64.Build.0 = Debug|Any CPU
		{84033AC3-47A5-4F42-A8BF-3075B46F03F9}.Debug|x86.ActiveCfg = Debug|Any CPU
		{84033AC3-47A5-4F42-A8BF-3075B46F03F9}.Debug|x86.Build.0 = Debug|Any CPU
		{84033AC3-47A5-4F42-A8BF-3075B46F03F9}.Release|Any CPU.ActiveCfg = Release|Any CPU
		{84033AC3-47A5-4F42-A8BF-3075B46F03F9}.Release|Any CPU.Build.0 = Release|Any CPU
		{84033AC3-47A5-4F42-A8BF-3075B46F03F9}.Release|x64.ActiveCfg = Release|Any CPU
		{84033AC3-47A5-4F42-A8BF-3075B46F03F9}.Release|x64.Build.0 = Release|Any CPU
		{84033AC3-47A5-4F42-A8BF-3075B46F03F9}.Release|x86.ActiveCfg = Release|Any CPU
		{84033AC3-47A5-4F42-A8BF-3075B46F03F9}.Release|x86.Build.0 = Release|Any CPU
	EndGlobalSection
	GlobalSection(SolutionProperties) = preSolution
		HideSolutionNode = FALSE
	EndGlobalSection
	GlobalSection(NestedProjects) = preSolution
		{DA9DAFA6-2A08-487A-B0C4-A89DBBDB00A8} = {D0424048-9A30-4DB7-AF3F-72D4D7A87C80}
		{2FC5AFB9-8533-423E-9C81-1F55F5600E49} = {D0424048-9A30-4DB7-AF3F-72D4D7A87C80}
		{9BE4139E-4D72-49FF-93A9-B1912BA8B2EA} = {D0424048-9A30-4DB7-AF3F-72D4D7A87C80}
		{AAFF9FD0-ACEB-47CF-88D8-2B2573EE4A61} = {D0424048-9A30-4DB7-AF3F-72D4D7A87C80}
		{F241E7FC-A833-4174-83D1-945E0D74F42B} = {D0424048-9A30-4DB7-AF3F-72D4D7A87C80}
		{9C646F96-D46E-4DAB-AFF9-FEB841BFAA69} = {D0424048-9A30-4DB7-AF3F-72D4D7A87C80}
		{DC79D9DB-297E-4879-BDFC-C97905F4DDE6} = {D0424048-9A30-4DB7-AF3F-72D4D7A87C80}
		{13FCB009-04F6-481F-AFD6-EA18D40898CE} = {D0424048-9A30-4DB7-AF3F-72D4D7A87C80}
		{D8213C1B-5A04-4E88-82D6-E068432B0739} = {D0424048-9A30-4DB7-AF3F-72D4D7A87C80}
		{1A82309E-0945-4E5B-A386-DD7732A17DC1} = {D0424048-9A30-4DB7-AF3F-72D4D7A87C80}
		{AACE2E99-C6DA-4962-A4A2-534A100EADA1} = {D0424048-9A30-4DB7-AF3F-72D4D7A87C80}
		{33AE0ACA-93FB-4A66-9B85-468B857FDDE9} = {D0424048-9A30-4DB7-AF3F-72D4D7A87C80}
		{03B7EBEA-C168-49C0-A021-3AB20EF22014} = {D0424048-9A30-4DB7-AF3F-72D4D7A87C80}
		{22EA8077-0FA3-4DBD-85DB-D49E9045D21C} = {D0424048-9A30-4DB7-AF3F-72D4D7A87C80}
		{1DD3D02A-9382-4D2E-A011-84850CB89002} = {D0424048-9A30-4DB7-AF3F-72D4D7A87C80}
		{DAD6513B-05CB-4D09-AAB5-20AEB4509F66} = {D0424048-9A30-4DB7-AF3F-72D4D7A87C80}
		{5DBC6DDD-2126-4E3D-B57E-FF3D0DB44411} = {D0424048-9A30-4DB7-AF3F-72D4D7A87C80}
		{768ACFCD-270C-4F0E-9962-82595BBF6312} = {D0424048-9A30-4DB7-AF3F-72D4D7A87C80}
		{977BCF9A-2B17-40FB-9FC8-B9373EA07EAE} = {D0424048-9A30-4DB7-AF3F-72D4D7A87C80}
		{946D052F-1A56-45C3-BEA0-562A058D180E} = {D0424048-9A30-4DB7-AF3F-72D4D7A87C80}
		{A0AE90E6-68EB-4204-9088-8D2C364430C0} = {D0424048-9A30-4DB7-AF3F-72D4D7A87C80}
		{942D608E-8662-4180-B722-D19164BD7A98} = {D0424048-9A30-4DB7-AF3F-72D4D7A87C80}
		{AA50E82F-4740-49CD-8F55-1C42FBE812B5} = {D0424048-9A30-4DB7-AF3F-72D4D7A87C80}
		{EED6A9FA-3605-49D2-AD30-43DCD4DA0D68} = {D0424048-9A30-4DB7-AF3F-72D4D7A87C80}
		{EDF7912D-60EF-4056-A0AF-AF4430A7FBA9} = {D0424048-9A30-4DB7-AF3F-72D4D7A87C80}
		{205F98A9-96E0-40C9-80C6-6236AC32D4CD} = {D0424048-9A30-4DB7-AF3F-72D4D7A87C80}
		{8E6D8E62-134B-4A55-AE53-E44879F3E66C} = {D0424048-9A30-4DB7-AF3F-72D4D7A87C80}
		{B772A796-85E7-4E26-90EA-207760A24FE2} = {D0424048-9A30-4DB7-AF3F-72D4D7A87C80}
		{05AA49B7-3114-4FCA-9AE5-80AAB58147C9} = {D0424048-9A30-4DB7-AF3F-72D4D7A87C80}
		{66477E05-F642-4513-9A91-6C4CF49AA662} = {D0424048-9A30-4DB7-AF3F-72D4D7A87C80}
		{BB568577-C750-4DD1-BCA4-4F0524AE06FB} = {D0424048-9A30-4DB7-AF3F-72D4D7A87C80}
		{6783638F-FBBB-455D-8572-583793FA4A24} = {D0424048-9A30-4DB7-AF3F-72D4D7A87C80}
		{05727AFE-B479-472D-8390-2C4388E47393} = {D0424048-9A30-4DB7-AF3F-72D4D7A87C80}
		{8C32B18B-7843-4E35-B6B1-CA8B8C029DC9} = {D0424048-9A30-4DB7-AF3F-72D4D7A87C80}
		{3D21E3BC-EFD7-4688-8BF9-CC709791FAD2} = {D0424048-9A30-4DB7-AF3F-72D4D7A87C80}
		{ED220E23-B8B3-4663-A641-240ABDA10167} = {D0424048-9A30-4DB7-AF3F-72D4D7A87C80}
		{84033AC3-47A5-4F42-A8BF-3075B46F03F9} = {D0424048-9A30-4DB7-AF3F-72D4D7A87C80}
	EndGlobalSection
	GlobalSection(ExtensibilityGlobals) = postSolution
		SolutionGuid = {87B1C491-6423-47E2-B7AB-46B140F30259}
	EndGlobalSection
EndGlobal
